<?xml version="1.0" encoding="utf-8"?>
<Project ToolsVersion="4.0" xmlns="http://schemas.microsoft.com/developer/msbuild/2003">
  <ItemGroup>
    <ClCompile Include="Source\audio.cpp" />
    <ClCompile Include="Source\BackGround.cpp" />
    <ClCompile Include="Source\CandyMap.cpp" />
    <ClCompile Include="Source\CandyMap2.cpp" />
    <ClCompile Include="Source\CookieMan.cpp" />
    <ClCompile Include="Source\game.cpp" />
    <ClCompile Include="Source\gameDoc.cpp" />
    <ClCompile Include="Source\gameView.cpp" />
    <ClCompile Include="Source\MainFrm.cpp" />
    <ClCompile Include="Source\StdAfx.cpp" />
    <ClCompile Include="Source\gamelib.cpp" />
    <ClCompile Include="Source\mygame.cpp" />
  </ItemGroup>
  <ItemGroup>
    <ClInclude Include="Source\audio.h" />
    <ClInclude Include="Source\BackGround.h" />
    <ClInclude Include="Source\CandyMap.h" />
    <ClInclude Include="Source\CandyMap2.h" />
    <ClInclude Include="Source\CookieMan.h" />
    <ClInclude Include="Source\game.h" />
    <ClInclude Include="Source\gameDoc.h" />
    <ClInclude Include="Source\gameView.h" />
    <ClInclude Include="Source\MainFrm.h" />
    <ClInclude Include="Source\Resource.h" />
    <ClInclude Include="Source\Sound.h" />
    <ClInclude Include="Source\StdAfx.h" />
    <ClInclude Include="Source\gamelib.h" />
    <ClInclude Include="Source\mygame.h" />
  </ItemGroup>
  <ItemGroup>
    <ResourceCompile Include="Source\game.rc" />
  </ItemGroup>
  <ItemGroup>
    <Image Include="RES\about.bmp" />
    <Image Include="RES\aboutBackground.bmp" />
    <Image Include="RES\aboutBackground.png" />
    <Image Include="RES\back-hover.bmp" />
    <Image Include="RES\back.bmp" />
    <Image Include="RES\BarBorder.bmp" />
    <Image Include="RES\big.bmp" />
    <Image Include="res\bitmap12.bmp" />
    <Image Include="res\bitmap14.bmp" />
    <Image Include="res\bitmap16.bmp" />
    <Image Include="res\bitmap18.bmp" />
    <Image Include="res\bitmap5.bmp" />
    <Image Include="res\bitmap7.bmp" />
    <Image Include="res\bitmap8.bmp" />
    <Image Include="RES\bonusMap.bmp" />
    <Image Include="RES\bonusMap1.bmp" />
    <Image Include="RES\BONUSTIME.bmp" />
    <Image Include="RES\BONUSTIME.png" />
    <Image Include="RES\bonus_1.bmp" />
    <Image Include="RES\bonus_2.bmp" />
    <Image Include="RES\bonus_3.bmp" />
    <Image Include="RES\bonus_4.bmp" />
    <Image Include="RES\candy1.bmp" />
    <Image Include="RES\candy1_2.bmp" />
    <Image Include="RES\candy_3.bmp" />
    <Image Include="RES\candy_4.bmp" />
    <Image Include="RES\coin_1.bmp" />
    <Image Include="RES\confirm.bmp" />
    <Image Include="RES\Congratulation.bmp" />
    <Image Include="RES\Cookie1.bmp" />
    <Image Include="RES\Cookie1_BIG.bmp" />
    <Image Include="RES\Cookie1_BIG_run1.bmp" />
    <Image Include="RES\Cookie1_BIG_run2.bmp" />
    <Image Include="RES\Cookie1_BIG_run3.bmp" />
    <Image Include="RES\Cookie1_BIG_run4.bmp" />
    <Image Include="RES\Cookie1_down.bmp" />
    <Image Include="res\Cookie1_down1.bmp" />
    <Image Include="RES\Cookie1_down2.bmp" />
    <Image Include="RES\Cookie1_down3.bmp" />
    <Image Include="RES\Cookie1_down4.bmp" />
    <Image Include="res\Cookie1_run1.bmp" />
    <Image Include="RES\Cookie1_run2.bmp" />
    <Image Include="RES\Cookie1_run3.bmp" />
    <Image Include="RES\Cookie1_run4.bmp" />
    <Image Include="RES\endGame1.bmp" />
    <Image Include="RES\explain.bmp" />
    <Image Include="RES\explainBackground1.bmp" />
    <Image Include="RES\explainBackground2.bmp" />
    <Image Include="RES\explainBackground3.bmp" />
    <Image Include="RES\explainBackground4.bmp" />
    <Image Include="RES\fire.bmp" />
    <Image Include="RES\gameover.bmp" />
    <Image Include="RES\groundStop_1.bmp" />
    <Image Include="RES\groundStop_10.bmp" />
    <Image Include="RES\groundStop_11.bmp" />
    <Image Include="RES\groundStop_2.bmp" />
    <Image Include="RES\groundStop_3.bmp" />
    <Image Include="RES\groundStop_4.bmp" />
    <Image Include="RES\groundStop_5.bmp" />
    <Image Include="RES\groundStop_6.bmp" />
    <Image Include="RES\groundStop_7.bmp" />
    <Image Include="RES\groundStop_8.bmp" />
    <Image Include="RES\groundStop_9.bmp" />
    <Image Include="RES\heart.bmp" />
    <Image Include="RES\jump0.bmp" />
    <Image Include="RES\jump1.bmp" />
    <Image Include="RES\jump2.bmp" />
    <Image Include="RES\jump3.bmp" />
    <Image Include="RES\jump4.bmp" />
    <Image Include="RES\jump5.bmp" />
    <Image Include="RES\jump6.bmp" />
    <Image Include="RES\jumpBig0.bmp" />
    <Image Include="RES\jumpBig1.bmp" />
    <Image Include="RES\jumpBig2.bmp" />
    <Image Include="RES\jumpBig3.bmp" />
    <Image Include="RES\jumpBig4.bmp" />
    <Image Include="RES\jumpBig5.bmp" />
    <Image Include="RES\land1-hover.bmp" />
    <Image Include="RES\land1.bmp" />
    <Image Include="RES\land2-hover.bmp" />
    <Image Include="RES\land2.bmp" />
    <Image Include="RES\life.bmp" />
    <Image Include="RES\lock.bmp" />
    <Image Include="RES\logo.png" />
    <Image Include="RES\magnet.bmp" />
    <Image Include="RES\magnet.png" />
    <Image Include="RES\page1.bmp" />
    <Image Include="RES\page2.bmp" />
    <Image Include="RES\page3.bmp" />
    <Image Include="RES\page4.bmp" />
    <Image Include="RES\play.bmp" />
    <Image Include="RES\point.bmp" />
    <Image Include="RES\shine1.bmp" />
    <Image Include="RES\shine2.bmp" />
    <Image Include="RES\shine3.bmp" />
    <Image Include="RES\sky _2.bmp" />
    <Image Include="RES\sky.bmp" />
    <Image Include="RES\skyStop_1.bmp" />
    <Image Include="RES\sky_3.bmp" />
    <Image Include="RES\sky_shine_1.bmp" />
    <Image Include="RES\sky_shine_2.bmp" />
    <Image Include="RES\sky_shine_3.bmp" />
    <Image Include="RES\stageground.bmp" />
    <Image Include="RES\start.bmp" />
    <Image Include="RES\trap_1.bmp" />
    <Image Include="RES\trap_2.bmp" />
    <Image Include="RES\trap_3.bmp" />
    <Image Include="RES\trap_4.bmp" />
    <Image Include="RES\trap_5.bmp" />
    <Image Include="RES\trap_6.bmp" />
    <Image Include="RES\trap_7.bmp" />
    <Image Include="RES\wall_1.bmp" />
  </ItemGroup>
  <ItemGroup>
    <None Include="Res\ball.bmp" />
    <None Include="RES\bmp0.bmp" />
    <None Include="RES\bmp1.bmp" />
    <None Include="RES\bmp10.bmp" />
    <None Include="RES\bmp2.bmp" />
    <None Include="RES\bmp3.bmp" />
    <None Include="RES\bmp4.bmp" />
    <None Include="RES\bmp5.bmp" />
    <None Include="RES\bmp6.bmp" />
    <None Include="RES\bmp7.bmp" />
    <None Include="RES\bmp8.bmp" />
    <None Include="RES\bmp9.bmp" />
    <None Include="RES\center.bmp" />
    <None Include="RES\continue.bmp" />
    <None Include="Res\corner.bmp" />
    <None Include="RES\eraser1.bmp" />
    <None Include="RES\eraser2.bmp" />
    <None Include="RES\eraser3.bmp" />
    <None Include="res\game.ico" />
    <None Include="res\game.rc2" />
    <None Include="RES\gamecurs.cur" />
    <None Include="res\gameDoc.ico" />
    <None Include="RES\help.bmp" />
    <None Include="RES\loading.bmp" />
    <None Include="RES\ntutcsie.bmp" />
    <None Include="res\Toolbar.bmp" />
  </ItemGroup>
</Project>